
Microsoft Visual Studio Solution File, Format Version 12.00
# Visual Studio Version 17
VisualStudioVersion = 17.1.32120.378
MinimumVisualStudioVersion = 10.0.40219.1
Project("{FAE04EC0-301F-11D3-BF4B-00C04F79EFBC}") = "Aplicaçao_web", "Aplicaçao_web\Aplicaçao_web.csproj", "{541100B1-643E-40F8-9EB8-B9F6742C1A78}"
EndProject
Global
	GlobalSection(SolutionConfigurationPlatforms) = preSolution
		Debug|Any CPU = Debug|Any CPU
		Release|Any CPU = Release|Any CPU
	EndGlobalSection
	GlobalSection(ProjectConfigurationPlatforms) = postSolution
		{541100B1-643E-40F8-9EB8-B9F6742C1A78}.Debug|Any CPU.ActiveCfg = Debug|Any CPU
		{541100B1-643E-40F8-9EB8-B9F6742C1A78}.Debug|Any CPU.Build.0 = Debug|Any CPU
		{541100B1-643E-40F8-9EB8-B9F6742C1A78}.Release|Any CPU.ActiveCfg = Release|Any CPU
		{541100B1-643E-40F8-9EB8-B9F6742C1A78}.Release|Any CPU.Build.0 = Release|Any CPU
	EndGlobalSection
	GlobalSection(SolutionProperties) = preSolution
		HideSolutionNode = FALSE
	EndGlobalSection
	GlobalSection(ExtensibilityGlobals) = postSolution
		SolutionGuid = {5171DE26-57B7-4F8D-8771-8B0E9F5925A9}
	EndGlobalSection
EndGlobal
